
Microsoft Visual Studio Solution File, Format Version 12.00
# Visual Studio Version 17
VisualStudioVersion = 17.5.33424.131
MinimumVisualStudioVersion = 10.0.40219.1
Project("{FAE04EC0-301F-11D3-BF4B-00C04F79EFBC}") = "WebApplication2", "WebApplication2\WebApplication2.csproj", "{8C1A5349-6C79-4FDE-953C-D4CF5691DA5C}"
EndProject
Project("{FAE04EC0-301F-11D3-BF4B-00C04F79EFBC}") = "TestProject1", "TestProject1\TestProject1.csproj", "{64E2E8DF-E3A8-450B-BD4F-B50EC1BD5CA0}"
EndProject
Global
	GlobalSection(SolutionConfigurationPlatforms) = preSolution
		Debug|Any CPU = Debug|Any CPU
		Release|Any CPU = Release|Any CPU
	EndGlobalSection
	GlobalSection(ProjectConfigurationPlatforms) = postSolution
		{8C1A5349-6C79-4FDE-953C-D4CF5691DA5C}.Debug|Any CPU.ActiveCfg = Debug|Any CPU
		{8C1A5349-6C79-4FDE-953C-D4CF5691DA5C}.Debug|Any CPU.Build.0 = Debug|Any CPU
		{8C1A5349-6C79-4FDE-953C-D4CF5691DA5C}.Release|Any CPU.ActiveCfg = Release|Any CPU
		{8C1A5349-6C79-4FDE-953C-D4CF5691DA5C}.Release|Any CPU.Build.0 = Release|Any CPU
		{64E2E8DF-E3A8-450B-BD4F-B50EC1BD5CA0}.Debug|Any CPU.ActiveCfg = Debug|Any CPU
		{64E2E8DF-E3A8-450B-BD4F-B50EC1BD5CA0}.Debug|Any CPU.Build.0 = Debug|Any CPU
		{64E2E8DF-E3A8-450B-BD4F-B50EC1BD5CA0}.Release|Any CPU.ActiveCfg = Release|Any CPU
		{64E2E8DF-E3A8-450B-BD4F-B50EC1BD5CA0}.Release|Any CPU.Build.0 = Release|Any CPU
	EndGlobalSection
	GlobalSection(SolutionProperties) = preSolution
		HideSolutionNode = FALSE
	EndGlobalSection
	GlobalSection(ExtensibilityGlobals) = postSolution
		SolutionGuid = {C04D66A0-A4FE-4AFD-BA06-3C9167779DC1}
	EndGlobalSection
EndGlobal
